
Microsoft Visual Studio Solution File, Format Version 12.00
# Visual Studio Version 17
VisualStudioVersion = 17.10.35013.160
MinimumVisualStudioVersion = 10.0.40219.1
Project("{9A19103F-16F7-4668-BE54-9A1E7A4F7556}") = "1.1", "1.1\1.1.csproj", "{FF06D57C-A7E7-4906-AFD8-3BEC49F9509C}"
EndProject
Project("{9A19103F-16F7-4668-BE54-9A1E7A4F7556}") = "1.2", "1.2\1.2.csproj", "{3BAA00FA-ACCE-4AED-B2FB-634E04DE93F3}"
EndProject
Project("{9A19103F-16F7-4668-BE54-9A1E7A4F7556}") = "1.3", "1.3\1.3.csproj", "{AE435FE1-7725-480C-A330-DE36E0EC7386}"
EndProject
Project("{9A19103F-16F7-4668-BE54-9A1E7A4F7556}") = "1.4", "1.4\1.4.csproj", "{FCFD4406-40FB-489A-B42A-C34B80E47CDB}"
EndProject
Project("{9A19103F-16F7-4668-BE54-9A1E7A4F7556}") = "1.5", "1.5\1.5.csproj", "{47F61105-302B-4219-ADD0-41C9B59F5455}"
EndProject
Project("{FAE04EC0-301F-11D3-BF4B-00C04F79EFBC}") = "1.1.1", "1.1.1\1.1.1.csproj", "{4AC15C09-AB91-4CD8-A37E-8536AA8C5E0A}"
EndProject
Project("{FAE04EC0-301F-11D3-BF4B-00C04F79EFBC}") = "1.1.2", "1.1.2\1.1.2.csproj", "{A0C7AC9F-6113-4912-B5CC-BA714F9A1929}"
EndProject
Project("{FAE04EC0-301F-11D3-BF4B-00C04F79EFBC}") = "2.1", "2.1\2.1.csproj", "{FE62AC72-8C3E-4D24-90E3-4BB898689A27}"
EndProject
Project("{FAE04EC0-301F-11D3-BF4B-00C04F79EFBC}") = "2.2", "2.2\2.2.csproj", "{15D02BD8-DA9B-4C0B-B487-C3A7F4B8A8A2}"
EndProject
Project("{FAE04EC0-301F-11D3-BF4B-00C04F79EFBC}") = "2.3", "2.3\2.3.csproj", "{199702E6-7DFA-452E-B5DD-4A51BDE069DD}"
EndProject
Project("{FAE04EC0-301F-11D3-BF4B-00C04F79EFBC}") = "2.4", "2.4\2.4.csproj", "{5833993F-B4B9-4458-A94D-DC8BF3021616}"
EndProject
Project("{FAE04EC0-301F-11D3-BF4B-00C04F79EFBC}") = "2.5", "2.5\2.5.csproj", "{36EDB30F-DF2D-4076-AC07-74EB430B9FDA}"
EndProject
Project("{FAE04EC0-301F-11D3-BF4B-00C04F79EFBC}") = "2.6", "2.6\2.6.csproj", "{9DF46CCC-1BC2-4ED2-B67C-4B54C802E611}"
EndProject
Project("{FAE04EC0-301F-11D3-BF4B-00C04F79EFBC}") = "3.1", "3.1\3.1.csproj", "{9ECF94AC-F464-48A8-8975-11CDC6CF95B2}"
EndProject
Project("{FAE04EC0-301F-11D3-BF4B-00C04F79EFBC}") = "3.2", "3.2\3.2.csproj", "{B735543C-571C-4820-9F7A-C55BD9A9AA1A}"
EndProject
Project("{FAE04EC0-301F-11D3-BF4B-00C04F79EFBC}") = "3.3", "3.3\3.3.csproj", "{CD36C60E-C70D-4576-BBC3-23D1571A8B88}"
EndProject
Global
	GlobalSection(SolutionConfigurationPlatforms) = preSolution
		Debug|Any CPU = Debug|Any CPU
		Release|Any CPU = Release|Any CPU
	EndGlobalSection
	GlobalSection(ProjectConfigurationPlatforms) = postSolution
		{FF06D57C-A7E7-4906-AFD8-3BEC49F9509C}.Debug|Any CPU.ActiveCfg = Debug|Any CPU
		{FF06D57C-A7E7-4906-AFD8-3BEC49F9509C}.Debug|Any CPU.Build.0 = Debug|Any CPU
		{FF06D57C-A7E7-4906-AFD8-3BEC49F9509C}.Release|Any CPU.ActiveCfg = Release|Any CPU
		{FF06D57C-A7E7-4906-AFD8-3BEC49F9509C}.Release|Any CPU.Build.0 = Release|Any CPU
		{3BAA00FA-ACCE-4AED-B2FB-634E04DE93F3}.Debug|Any CPU.ActiveCfg = Debug|Any CPU
		{3BAA00FA-ACCE-4AED-B2FB-634E04DE93F3}.Debug|Any CPU.Build.0 = Debug|Any CPU
		{3BAA00FA-ACCE-4AED-B2FB-634E04DE93F3}.Release|Any CPU.ActiveCfg = Release|Any CPU
		{3BAA00FA-ACCE-4AED-B2FB-634E04DE93F3}.Release|Any CPU.Build.0 = Release|Any CPU
		{AE435FE1-7725-480C-A330-DE36E0EC7386}.Debug|Any CPU.ActiveCfg = Debug|Any CPU
		{AE435FE1-7725-480C-A330-DE36E0EC7386}.Debug|Any CPU.Build.0 = Debug|Any CPU
		{AE435FE1-7725-480C-A330-DE36E0EC7386}.Release|Any CPU.ActiveCfg = Release|Any CPU
		{AE435FE1-7725-480C-A330-DE36E0EC7386}.Release|Any CPU.Build.0 = Release|Any CPU
		{FCFD4406-40FB-489A-B42A-C34B80E47CDB}.Debug|Any CPU.ActiveCfg = Debug|Any CPU
		{FCFD4406-40FB-489A-B42A-C34B80E47CDB}.Debug|Any CPU.Build.0 = Debug|Any CPU
		{FCFD4406-40FB-489A-B42A-C34B80E47CDB}.Release|Any CPU.ActiveCfg = Release|Any CPU
		{FCFD4406-40FB-489A-B42A-C34B80E47CDB}.Release|Any CPU.Build.0 = Release|Any CPU
		{47F61105-302B-4219-ADD0-41C9B59F5455}.Debug|Any CPU.ActiveCfg = Debug|Any CPU
		{47F61105-302B-4219-ADD0-41C9B59F5455}.Debug|Any CPU.Build.0 = Debug|Any CPU
		{47F61105-302B-4219-ADD0-41C9B59F5455}.Release|Any CPU.ActiveCfg = Release|Any CPU
		{47F61105-302B-4219-ADD0-41C9B59F5455}.Release|Any CPU.Build.0 = Release|Any CPU
		{4AC15C09-AB91-4CD8-A37E-8536AA8C5E0A}.Debug|Any CPU.ActiveCfg = Debug|Any CPU
		{4AC15C09-AB91-4CD8-A37E-8536AA8C5E0A}.Debug|Any CPU.Build.0 = Debug|Any CPU
		{4AC15C09-AB91-4CD8-A37E-8536AA8C5E0A}.Release|Any CPU.ActiveCfg = Release|Any CPU
		{4AC15C09-AB91-4CD8-A37E-8536AA8C5E0A}.Release|Any CPU.Build.0 = Release|Any CPU
		{A0C7AC9F-6113-4912-B5CC-BA714F9A1929}.Debug|Any CPU.ActiveCfg = Debug|Any CPU
		{A0C7AC9F-6113-4912-B5CC-BA714F9A1929}.Debug|Any CPU.Build.0 = Debug|Any CPU
		{A0C7AC9F-6113-4912-B5CC-BA714F9A1929}.Release|Any CPU.ActiveCfg = Release|Any CPU
		{A0C7AC9F-6113-4912-B5CC-BA714F9A1929}.Release|Any CPU.Build.0 = Release|Any CPU
		{FE62AC72-8C3E-4D24-90E3-4BB898689A27}.Debug|Any CPU.ActiveCfg = Debug|Any CPU
		{FE62AC72-8C3E-4D24-90E3-4BB898689A27}.Debug|Any CPU.Build.0 = Debug|Any CPU
		{FE62AC72-8C3E-4D24-90E3-4BB898689A27}.Release|Any CPU.ActiveCfg = Release|Any CPU
		{FE62AC72-8C3E-4D24-90E3-4BB898689A27}.Release|Any CPU.Build.0 = Release|Any CPU
		{15D02BD8-DA9B-4C0B-B487-C3A7F4B8A8A2}.Debug|Any CPU.ActiveCfg = Debug|Any CPU
		{15D02BD8-DA9B-4C0B-B487-C3A7F4B8A8A2}.Debug|Any CPU.Build.0 = Debug|Any CPU
		{15D02BD8-DA9B-4C0B-B487-C3A7F4B8A8A2}.Release|Any CPU.ActiveCfg = Release|Any CPU
		{15D02BD8-DA9B-4C0B-B487-C3A7F4B8A8A2}.Release|Any CPU.Build.0 = Release|Any CPU
		{199702E6-7DFA-452E-B5DD-4A51BDE069DD}.Debug|Any CPU.ActiveCfg = Debug|Any CPU
		{199702E6-7DFA-452E-B5DD-4A51BDE069DD}.Debug|Any CPU.Build.0 = Debug|Any CPU
		{199702E6-7DFA-452E-B5DD-4A51BDE069DD}.Release|Any CPU.ActiveCfg = Release|Any CPU
		{199702E6-7DFA-452E-B5DD-4A51BDE069DD}.Release|Any CPU.Build.0 = Release|Any CPU
		{5833993F-B4B9-4458-A94D-DC8BF3021616}.Debug|Any CPU.ActiveCfg = Debug|Any CPU
		{5833993F-B4B9-4458-A94D-DC8BF3021616}.Debug|Any CPU.Build.0 = Debug|Any CPU
		{5833993F-B4B9-4458-A94D-DC8BF3021616}.Release|Any CPU.ActiveCfg = Release|Any CPU
		{5833993F-B4B9-4458-A94D-DC8BF3021616}.Release|Any CPU.Build.0 = Release|Any CPU
		{36EDB30F-DF2D-4076-AC07-74EB430B9FDA}.Debug|Any CPU.ActiveCfg = Debug|Any CPU
		{36EDB30F-DF2D-4076-AC07-74EB430B9FDA}.Debug|Any CPU.Build.0 = Debug|Any CPU
		{36EDB30F-DF2D-4076-AC07-74EB430B9FDA}.Release|Any CPU.ActiveCfg = Release|Any CPU
		{36EDB30F-DF2D-4076-AC07-74EB430B9FDA}.Release|Any CPU.Build.0 = Release|Any CPU
		{9DF46CCC-1BC2-4ED2-B67C-4B54C802E611}.Debug|Any CPU.ActiveCfg = Debug|Any CPU
		{9DF46CCC-1BC2-4ED2-B67C-4B54C802E611}.Debug|Any CPU.Build.0 = Debug|Any CPU
		{9DF46CCC-1BC2-4ED2-B67C-4B54C802E611}.Release|Any CPU.ActiveCfg = Release|Any CPU
		{9DF46CCC-1BC2-4ED2-B67C-4B54C802E611}.Release|Any CPU.Build.0 = Release|Any CPU
		{9ECF94AC-F464-48A8-8975-11CDC6CF95B2}.Debug|Any CPU.ActiveCfg = Debug|Any CPU
		{9ECF94AC-F464-48A8-8975-11CDC6CF95B2}.Debug|Any CPU.Build.0 = Debug|Any CPU
		{9ECF94AC-F464-48A8-8975-11CDC6CF95B2}.Release|Any CPU.ActiveCfg = Release|Any CPU
		{9ECF94AC-F464-48A8-8975-11CDC6CF95B2}.Release|Any CPU.Build.0 = Release|Any CPU
		{B735543C-571C-4820-9F7A-C55BD9A9AA1A}.Debug|Any CPU.ActiveCfg = Debug|Any CPU
		{B735543C-571C-4820-9F7A-C55BD9A9AA1A}.Debug|Any CPU.Build.0 = Debug|Any CPU
		{B735543C-571C-4820-9F7A-C55BD9A9AA1A}.Release|Any CPU.ActiveCfg = Release|Any CPU
		{B735543C-571C-4820-9F7A-C55BD9A9AA1A}.Release|Any CPU.Build.0 = Release|Any CPU
		{CD36C60E-C70D-4576-BBC3-23D1571A8B88}.Debug|Any CPU.ActiveCfg = Debug|Any CPU
		{CD36C60E-C70D-4576-BBC3-23D1571A8B88}.Debug|Any CPU.Build.0 = Debug|Any CPU
		{CD36C60E-C70D-4576-BBC3-23D1571A8B88}.Release|Any CPU.ActiveCfg = Release|Any CPU
		{CD36C60E-C70D-4576-BBC3-23D1571A8B88}.Release|Any CPU.Build.0 = Release|Any CPU
	EndGlobalSection
	GlobalSection(SolutionProperties) = preSolution
		HideSolutionNode = FALSE
	EndGlobalSection
	GlobalSection(ExtensibilityGlobals) = postSolution
		SolutionGuid = {DFFC136B-5CD3-494A-9CB3-C11B937EA671}
	EndGlobalSection
EndGlobal
