
Microsoft Visual Studio Solution File, Format Version 12.00
# Visual Studio Version 17
VisualStudioVersion = 17.10.35013.160
MinimumVisualStudioVersion = 10.0.40219.1
Project("{FAE04EC0-301F-11D3-BF4B-00C04F79EFBC}") = "1.1", "1.1\1.1.csproj", "{FF06D57C-A7E7-4906-AFD8-3BEC49F9509C}"
EndProject
Global
	GlobalSection(SolutionConfigurationPlatforms) = preSolution
		Debug|Any CPU = Debug|Any CPU
		Release|Any CPU = Release|Any CPU
	EndGlobalSection
	GlobalSection(ProjectConfigurationPlatforms) = postSolution
		{FF06D57C-A7E7-4906-AFD8-3BEC49F9509C}.Debug|Any CPU.ActiveCfg = Debug|Any CPU
		{FF06D57C-A7E7-4906-AFD8-3BEC49F9509C}.Debug|Any CPU.Build.0 = Debug|Any CPU
		{FF06D57C-A7E7-4906-AFD8-3BEC49F9509C}.Release|Any CPU.ActiveCfg = Release|Any CPU
		{FF06D57C-A7E7-4906-AFD8-3BEC49F9509C}.Release|Any CPU.Build.0 = Release|Any CPU
	EndGlobalSection
	GlobalSection(SolutionProperties) = preSolution
		HideSolutionNode = FALSE
	EndGlobalSection
	GlobalSection(ExtensibilityGlobals) = postSolution
		SolutionGuid = {DFFC136B-5CD3-494A-9CB3-C11B937EA671}
	EndGlobalSection
EndGlobal
